
Microsoft Visual Studio Solution File, Format Version 9.00
# Visual Studio 2005
Project("{8BC9CEB8-8B4A-11D0-8D11-00A0C91BC942}") = "event_test", "event_test\event_test.vcproj", "{24000A5F-482F-46CC-90C8-05036523A98B}"
	ProjectSection(ProjectDependencies) = postProject
		{88CD14F7-AADE-400E-AB53-9C321687187D} = {88CD14F7-AADE-400E-AB53-9C321687187D}
	EndProjectSection
EndProject
Project("{8BC9CEB8-8B4A-11D0-8D11-00A0C91BC942}") = "libevent", "libevent.vcproj", "{88CD14F7-AADE-400E-AB53-9C321687187D}"
EndProject
Project("{8BC9CEB8-8B4A-11D0-8D11-00A0C91BC942}") = "signal_test", "signal_test\signal_test.vcproj", "{B8091D9C-8153-4722-BD42-81C442412048}"
	ProjectSection(ProjectDependencies) = postProject
		{88CD14F7-AADE-400E-AB53-9C321687187D} = {88CD14F7-AADE-400E-AB53-9C321687187D}
	EndProjectSection
EndProject
Project("{8BC9CEB8-8B4A-11D0-8D11-00A0C91BC942}") = "time_test", "time_test\time_test.vcproj", "{DFC2CDD6-19A8-4D06-A82C-E027D11DC612}"
	ProjectSection(ProjectDependencies) = postProject
		{88CD14F7-AADE-400E-AB53-9C321687187D} = {88CD14F7-AADE-400E-AB53-9C321687187D}
	EndProjectSection
EndProject
Global
	GlobalSection(SolutionConfigurationPlatforms) = preSolution
		Debug|Win32 = Debug|Win32
		Release|Win32 = Release|Win32
	EndGlobalSection
	GlobalSection(ProjectConfigurationPlatforms) = postSolution
		{24000A5F-482F-46CC-90C8-05036523A98B}.Debug|Win32.ActiveCfg = Debug|Win32
		{24000A5F-482F-46CC-90C8-05036523A98B}.Debug|Win32.Build.0 = Debug|Win32
		{24000A5F-482F-46CC-90C8-05036523A98B}.Release|Win32.ActiveCfg = Release|Win32
		{24000A5F-482F-46CC-90C8-05036523A98B}.Release|Win32.Build.0 = Release|Win32
		{88CD14F7-AADE-400E-AB53-9C321687187D}.Debug|Win32.ActiveCfg = Debug|Win32
		{88CD14F7-AADE-400E-AB53-9C321687187D}.Debug|Win32.Build.0 = Debug|Win32
		{88CD14F7-AADE-400E-AB53-9C321687187D}.Release|Win32.ActiveCfg = Release|Win32
		{88CD14F7-AADE-400E-AB53-9C321687187D}.Release|Win32.Build.0 = Release|Win32
		{B8091D9C-8153-4722-BD42-81C442412048}.Debug|Win32.ActiveCfg = Debug|Win32
		{B8091D9C-8153-4722-BD42-81C442412048}.Debug|Win32.Build.0 = Debug|Win32
		{B8091D9C-8153-4722-BD42-81C442412048}.Release|Win32.ActiveCfg = Release|Win32
		{B8091D9C-8153-4722-BD42-81C442412048}.Release|Win32.Build.0 = Release|Win32
		{DFC2CDD6-19A8-4D06-A82C-E027D11DC612}.Debug|Win32.ActiveCfg = Debug|Win32
		{DFC2CDD6-19A8-4D06-A82C-E027D11DC612}.Debug|Win32.Build.0 = Debug|Win32
		{DFC2CDD6-19A8-4D06-A82C-E027D11DC612}.Release|Win32.ActiveCfg = Release|Win32
		{DFC2CDD6-19A8-4D06-A82C-E027D11DC612}.Release|Win32.Build.0 = Release|Win32
	EndGlobalSection
	GlobalSection(SolutionProperties) = preSolution
		HideSolutionNode = FALSE
	EndGlobalSection
EndGlobal
